
Microsoft Visual Studio Solution File, Format Version 12.00
# Visual Studio Version 16
VisualStudioVersion = 16.0.810.20
MinimumVisualStudioVersion = 10.0.40219.1
Project("{FAE04EC0-301F-11D3-BF4B-00C04F79EFBC}") = "DiscordBot", "DiscordBot\DiscordBot.csproj", "{1CDC1A1F-BF48-4A95-A015-77513C4BE868}"
EndProject
Global
	GlobalSection(SolutionConfigurationPlatforms) = preSolution
		Debug|anycpu = Debug|anycpu
		Release|anycpu = Release|anycpu
	EndGlobalSection
	GlobalSection(ProjectConfigurationPlatforms) = postSolution
		{1CDC1A1F-BF48-4A95-A015-77513C4BE868}.Debug|anycpu.ActiveCfg = Debug|anycpu
		{1CDC1A1F-BF48-4A95-A015-77513C4BE868}.Debug|anycpu.Build.0 = Debug|anycpu
		{1CDC1A1F-BF48-4A95-A015-77513C4BE868}.Release|anycpu.ActiveCfg = Release|anycpu
		{1CDC1A1F-BF48-4A95-A015-77513C4BE868}.Release|anycpu.Build.0 = Release|anycpu
	EndGlobalSection
	GlobalSection(SolutionProperties) = preSolution
		HideSolutionNode = FALSE
	EndGlobalSection
	GlobalSection(ExtensibilityGlobals) = postSolution
		SolutionGuid = {C8058454-8ABF-459B-9830-01DF96C86694}
	EndGlobalSection
EndGlobal
